
Microsoft Visual Studio Solution File, Format Version 12.00
# Visual Studio Version 17
VisualStudioVersion = 17.9.34616.47
MinimumVisualStudioVersion = 10.0.40219.1
Project("{FAE04EC0-301F-11D3-BF4B-00C04F79EFBC}") = "Ginasio", "Ginasio\Ginasio.csproj", "{23AA18C9-A21E-4ECE-AB70-6065843FC124}"
EndProject
Global
	GlobalSection(SolutionConfigurationPlatforms) = preSolution
		Debug|Any CPU = Debug|Any CPU
		Release|Any CPU = Release|Any CPU
	EndGlobalSection
	GlobalSection(ProjectConfigurationPlatforms) = postSolution
		{23AA18C9-A21E-4ECE-AB70-6065843FC124}.Debug|Any CPU.ActiveCfg = Debug|Any CPU
		{23AA18C9-A21E-4ECE-AB70-6065843FC124}.Debug|Any CPU.Build.0 = Debug|Any CPU
		{23AA18C9-A21E-4ECE-AB70-6065843FC124}.Release|Any CPU.ActiveCfg = Release|Any CPU
		{23AA18C9-A21E-4ECE-AB70-6065843FC124}.Release|Any CPU.Build.0 = Release|Any CPU
	EndGlobalSection
	GlobalSection(SolutionProperties) = preSolution
		HideSolutionNode = FALSE
	EndGlobalSection
	GlobalSection(ExtensibilityGlobals) = postSolution
		SolutionGuid = {87548698-4B89-430E-94C5-B152D2D7F268}
	EndGlobalSection
EndGlobal
